
Microsoft Visual Studio Solution File, Format Version 12.00
# Visual Studio Version 17
VisualStudioVersion = 17.6.33829.357
MinimumVisualStudioVersion = 10.0.40219.1
Project("{9A19103F-16F7-4668-BE54-9A1E7A4F7556}") = "OpenNetFolder", "OpenNetFolder\OpenNetFolder.csproj", "{BA63EF3C-D335-417C-8295-242924D2A1CF}"
EndProject
Project("{9A19103F-16F7-4668-BE54-9A1E7A4F7556}") = "GUI", "GUI\GUI.csproj", "{FADBBEBB-5E6F-497C-B6FB-8C16F29BC96D}"
EndProject
Global
	GlobalSection(SolutionConfigurationPlatforms) = preSolution
		Debug|Any CPU = Debug|Any CPU
		Release|Any CPU = Release|Any CPU
	EndGlobalSection
	GlobalSection(ProjectConfigurationPlatforms) = postSolution
		{BA63EF3C-D335-417C-8295-242924D2A1CF}.Debug|Any CPU.ActiveCfg = Debug|Any CPU
		{BA63EF3C-D335-417C-8295-242924D2A1CF}.Debug|Any CPU.Build.0 = Debug|Any CPU
		{BA63EF3C-D335-417C-8295-242924D2A1CF}.Release|Any CPU.ActiveCfg = Release|Any CPU
		{BA63EF3C-D335-417C-8295-242924D2A1CF}.Release|Any CPU.Build.0 = Release|Any CPU
		{FADBBEBB-5E6F-497C-B6FB-8C16F29BC96D}.Debug|Any CPU.ActiveCfg = Debug|Any CPU
		{FADBBEBB-5E6F-497C-B6FB-8C16F29BC96D}.Debug|Any CPU.Build.0 = Debug|Any CPU
		{FADBBEBB-5E6F-497C-B6FB-8C16F29BC96D}.Release|Any CPU.ActiveCfg = Release|Any CPU
		{FADBBEBB-5E6F-497C-B6FB-8C16F29BC96D}.Release|Any CPU.Build.0 = Release|Any CPU
	EndGlobalSection
	GlobalSection(SolutionProperties) = preSolution
		HideSolutionNode = FALSE
	EndGlobalSection
	GlobalSection(ExtensibilityGlobals) = postSolution
		SolutionGuid = {21D42C5C-3E12-4312-B7F7-113CA83637A4}
	EndGlobalSection
EndGlobal
